
Microsoft Visual Studio Solution File, Format Version 12.00
# Visual Studio Version 16
VisualStudioVersion = 16.0.31727.386
MinimumVisualStudioVersion = 10.0.40219.1
Project("{8BC9CEB8-8B4A-11D0-8D11-00A0C91BC942}") = "baekjoon5-2(2562_최댓값)", "baekjoon5-2(2562_최댓값)\baekjoon5-2(2562_최댓값).vcxproj", "{E8996091-443E-41A6-83F7-A5BA5E0F361B}"
EndProject
Global
	GlobalSection(SolutionConfigurationPlatforms) = preSolution
		Debug|x64 = Debug|x64
		Debug|x86 = Debug|x86
		Release|x64 = Release|x64
		Release|x86 = Release|x86
	EndGlobalSection
	GlobalSection(ProjectConfigurationPlatforms) = postSolution
		{E8996091-443E-41A6-83F7-A5BA5E0F361B}.Debug|x64.ActiveCfg = Debug|x64
		{E8996091-443E-41A6-83F7-A5BA5E0F361B}.Debug|x64.Build.0 = Debug|x64
		{E8996091-443E-41A6-83F7-A5BA5E0F361B}.Debug|x86.ActiveCfg = Debug|Win32
		{E8996091-443E-41A6-83F7-A5BA5E0F361B}.Debug|x86.Build.0 = Debug|Win32
		{E8996091-443E-41A6-83F7-A5BA5E0F361B}.Release|x64.ActiveCfg = Release|x64
		{E8996091-443E-41A6-83F7-A5BA5E0F361B}.Release|x64.Build.0 = Release|x64
		{E8996091-443E-41A6-83F7-A5BA5E0F361B}.Release|x86.ActiveCfg = Release|Win32
		{E8996091-443E-41A6-83F7-A5BA5E0F361B}.Release|x86.Build.0 = Release|Win32
	EndGlobalSection
	GlobalSection(SolutionProperties) = preSolution
		HideSolutionNode = FALSE
	EndGlobalSection
	GlobalSection(ExtensibilityGlobals) = postSolution
		SolutionGuid = {134D5ACE-6826-49CB-8A42-184B873F1514}
	EndGlobalSection
EndGlobal
