
Microsoft Visual Studio Solution File, Format Version 12.00
# Visual Studio Version 17
VisualStudioVersion = 17.0.32126.317
MinimumVisualStudioVersion = 10.0.40219.1
Project("{8BC9CEB8-8B4A-11D0-8D11-00A0C91BC942}") = "baekjoon17-12(2004_조합 0의 개수)", "baekjoon17-12(2004_조합 0의 개수)\baekjoon17-12(2004_조합 0의 개수).vcxproj", "{E508DB0B-B08D-4155-AC81-620353D20BEA}"
EndProject
Global
	GlobalSection(SolutionConfigurationPlatforms) = preSolution
		Debug|x64 = Debug|x64
		Debug|x86 = Debug|x86
		Release|x64 = Release|x64
		Release|x86 = Release|x86
	EndGlobalSection
	GlobalSection(ProjectConfigurationPlatforms) = postSolution
		{E508DB0B-B08D-4155-AC81-620353D20BEA}.Debug|x64.ActiveCfg = Debug|x64
		{E508DB0B-B08D-4155-AC81-620353D20BEA}.Debug|x64.Build.0 = Debug|x64
		{E508DB0B-B08D-4155-AC81-620353D20BEA}.Debug|x86.ActiveCfg = Debug|Win32
		{E508DB0B-B08D-4155-AC81-620353D20BEA}.Debug|x86.Build.0 = Debug|Win32
		{E508DB0B-B08D-4155-AC81-620353D20BEA}.Release|x64.ActiveCfg = Release|x64
		{E508DB0B-B08D-4155-AC81-620353D20BEA}.Release|x64.Build.0 = Release|x64
		{E508DB0B-B08D-4155-AC81-620353D20BEA}.Release|x86.ActiveCfg = Release|Win32
		{E508DB0B-B08D-4155-AC81-620353D20BEA}.Release|x86.Build.0 = Release|Win32
	EndGlobalSection
	GlobalSection(SolutionProperties) = preSolution
		HideSolutionNode = FALSE
	EndGlobalSection
	GlobalSection(ExtensibilityGlobals) = postSolution
		SolutionGuid = {B2B50419-2F32-4DE6-A4A8-544A836B1FF1}
	EndGlobalSection
EndGlobal
