
Microsoft Visual Studio Solution File, Format Version 12.00
# Visual Studio Version 17
VisualStudioVersion = 17.0.32126.317
MinimumVisualStudioVersion = 10.0.40219.1
Project("{8BC9CEB8-8B4A-11D0-8D11-00A0C91BC942}") = "baekjoon15-16(12865_평범한 배낭)", "baekjoon15-16(12865_평범한 배낭)\baekjoon15-16(12865_평범한 배낭).vcxproj", "{0B5B967A-AF11-4E56-A5B8-07902CB6657B}"
EndProject
Global
	GlobalSection(SolutionConfigurationPlatforms) = preSolution
		Debug|x64 = Debug|x64
		Debug|x86 = Debug|x86
		Release|x64 = Release|x64
		Release|x86 = Release|x86
	EndGlobalSection
	GlobalSection(ProjectConfigurationPlatforms) = postSolution
		{0B5B967A-AF11-4E56-A5B8-07902CB6657B}.Debug|x64.ActiveCfg = Debug|x64
		{0B5B967A-AF11-4E56-A5B8-07902CB6657B}.Debug|x64.Build.0 = Debug|x64
		{0B5B967A-AF11-4E56-A5B8-07902CB6657B}.Debug|x86.ActiveCfg = Debug|Win32
		{0B5B967A-AF11-4E56-A5B8-07902CB6657B}.Debug|x86.Build.0 = Debug|Win32
		{0B5B967A-AF11-4E56-A5B8-07902CB6657B}.Release|x64.ActiveCfg = Release|x64
		{0B5B967A-AF11-4E56-A5B8-07902CB6657B}.Release|x64.Build.0 = Release|x64
		{0B5B967A-AF11-4E56-A5B8-07902CB6657B}.Release|x86.ActiveCfg = Release|Win32
		{0B5B967A-AF11-4E56-A5B8-07902CB6657B}.Release|x86.Build.0 = Release|Win32
	EndGlobalSection
	GlobalSection(SolutionProperties) = preSolution
		HideSolutionNode = FALSE
	EndGlobalSection
	GlobalSection(ExtensibilityGlobals) = postSolution
		SolutionGuid = {21B200FD-BA71-472E-A123-972D693CFF2C}
	EndGlobalSection
EndGlobal
