
Microsoft Visual Studio Solution File, Format Version 12.00
# Visual Studio Version 17
VisualStudioVersion = 17.0.32126.317
MinimumVisualStudioVersion = 10.0.40219.1
Project("{8BC9CEB8-8B4A-11D0-8D11-00A0C91BC942}") = "baekjoon23-5(11660_구간 합 구하기 5)", "baekjoon23-5(11660_구간 합 구하기 5)\baekjoon23-5(11660_구간 합 구하기 5).vcxproj", "{2DBDCC7F-DAA7-4334-A7C0-7947AE5FCAA3}"
EndProject
Global
	GlobalSection(SolutionConfigurationPlatforms) = preSolution
		Debug|x64 = Debug|x64
		Debug|x86 = Debug|x86
		Release|x64 = Release|x64
		Release|x86 = Release|x86
	EndGlobalSection
	GlobalSection(ProjectConfigurationPlatforms) = postSolution
		{2DBDCC7F-DAA7-4334-A7C0-7947AE5FCAA3}.Debug|x64.ActiveCfg = Debug|x64
		{2DBDCC7F-DAA7-4334-A7C0-7947AE5FCAA3}.Debug|x64.Build.0 = Debug|x64
		{2DBDCC7F-DAA7-4334-A7C0-7947AE5FCAA3}.Debug|x86.ActiveCfg = Debug|Win32
		{2DBDCC7F-DAA7-4334-A7C0-7947AE5FCAA3}.Debug|x86.Build.0 = Debug|Win32
		{2DBDCC7F-DAA7-4334-A7C0-7947AE5FCAA3}.Release|x64.ActiveCfg = Release|x64
		{2DBDCC7F-DAA7-4334-A7C0-7947AE5FCAA3}.Release|x64.Build.0 = Release|x64
		{2DBDCC7F-DAA7-4334-A7C0-7947AE5FCAA3}.Release|x86.ActiveCfg = Release|Win32
		{2DBDCC7F-DAA7-4334-A7C0-7947AE5FCAA3}.Release|x86.Build.0 = Release|Win32
	EndGlobalSection
	GlobalSection(SolutionProperties) = preSolution
		HideSolutionNode = FALSE
	EndGlobalSection
	GlobalSection(ExtensibilityGlobals) = postSolution
		SolutionGuid = {E8CA5F7A-7867-4BD1-8E19-8B904A76C3EA}
	EndGlobalSection
EndGlobal
