
Microsoft Visual Studio Solution File, Format Version 12.00
# Visual Studio Version 17
VisualStudioVersion = 17.0.32126.317
MinimumVisualStudioVersion = 10.0.40219.1
Project("{8BC9CEB8-8B4A-11D0-8D11-00A0C91BC942}") = "baekjoon13-5(9663_N-Queen)", "baekjoon13-5(9663_N-Queen)\baekjoon13-5(9663_N-Queen).vcxproj", "{522CB973-5749-4F77-89E8-26EB53DD5ADB}"
EndProject
Global
	GlobalSection(SolutionConfigurationPlatforms) = preSolution
		Debug|x64 = Debug|x64
		Debug|x86 = Debug|x86
		Release|x64 = Release|x64
		Release|x86 = Release|x86
	EndGlobalSection
	GlobalSection(ProjectConfigurationPlatforms) = postSolution
		{522CB973-5749-4F77-89E8-26EB53DD5ADB}.Debug|x64.ActiveCfg = Debug|x64
		{522CB973-5749-4F77-89E8-26EB53DD5ADB}.Debug|x64.Build.0 = Debug|x64
		{522CB973-5749-4F77-89E8-26EB53DD5ADB}.Debug|x86.ActiveCfg = Debug|Win32
		{522CB973-5749-4F77-89E8-26EB53DD5ADB}.Debug|x86.Build.0 = Debug|Win32
		{522CB973-5749-4F77-89E8-26EB53DD5ADB}.Release|x64.ActiveCfg = Release|x64
		{522CB973-5749-4F77-89E8-26EB53DD5ADB}.Release|x64.Build.0 = Release|x64
		{522CB973-5749-4F77-89E8-26EB53DD5ADB}.Release|x86.ActiveCfg = Release|Win32
		{522CB973-5749-4F77-89E8-26EB53DD5ADB}.Release|x86.Build.0 = Release|Win32
	EndGlobalSection
	GlobalSection(SolutionProperties) = preSolution
		HideSolutionNode = FALSE
	EndGlobalSection
	GlobalSection(ExtensibilityGlobals) = postSolution
		SolutionGuid = {C72F4931-A51A-49D9-9A8A-E66E4A441427}
	EndGlobalSection
EndGlobal
