
Microsoft Visual Studio Solution File, Format Version 12.00
# Visual Studio Version 17
VisualStudioVersion = 17.0.32126.317
MinimumVisualStudioVersion = 10.0.40219.1
Project("{8BC9CEB8-8B4A-11D0-8D11-00A0C91BC942}") = "baekjoon12-7(11651_좌표 정렬하기2)", "baekjoon12-7(11651_좌표 정렬하기2)\baekjoon12-7(11651_좌표 정렬하기2).vcxproj", "{1F118BF2-FB8F-4595-9EE5-2E507AB2FF50}"
EndProject
Global
	GlobalSection(SolutionConfigurationPlatforms) = preSolution
		Debug|x64 = Debug|x64
		Debug|x86 = Debug|x86
		Release|x64 = Release|x64
		Release|x86 = Release|x86
	EndGlobalSection
	GlobalSection(ProjectConfigurationPlatforms) = postSolution
		{1F118BF2-FB8F-4595-9EE5-2E507AB2FF50}.Debug|x64.ActiveCfg = Debug|x64
		{1F118BF2-FB8F-4595-9EE5-2E507AB2FF50}.Debug|x64.Build.0 = Debug|x64
		{1F118BF2-FB8F-4595-9EE5-2E507AB2FF50}.Debug|x86.ActiveCfg = Debug|Win32
		{1F118BF2-FB8F-4595-9EE5-2E507AB2FF50}.Debug|x86.Build.0 = Debug|Win32
		{1F118BF2-FB8F-4595-9EE5-2E507AB2FF50}.Release|x64.ActiveCfg = Release|x64
		{1F118BF2-FB8F-4595-9EE5-2E507AB2FF50}.Release|x64.Build.0 = Release|x64
		{1F118BF2-FB8F-4595-9EE5-2E507AB2FF50}.Release|x86.ActiveCfg = Release|Win32
		{1F118BF2-FB8F-4595-9EE5-2E507AB2FF50}.Release|x86.Build.0 = Release|Win32
	EndGlobalSection
	GlobalSection(SolutionProperties) = preSolution
		HideSolutionNode = FALSE
	EndGlobalSection
	GlobalSection(ExtensibilityGlobals) = postSolution
		SolutionGuid = {15F694FD-29B7-4734-B234-C1400EB5CD42}
	EndGlobalSection
EndGlobal
