
Microsoft Visual Studio Solution File, Format Version 12.00
# Visual Studio Version 16
VisualStudioVersion = 16.0.31727.386
MinimumVisualStudioVersion = 10.0.40219.1
Project("{8BC9CEB8-8B4A-11D0-8D11-00A0C91BC942}") = "baekjoon3-10(2439_별찍기2)", "baekjoon3-10(2439_별찍기2)\baekjoon3-10(2439_별찍기2).vcxproj", "{C5251219-A697-41E5-94DC-5551ABCCC706}"
EndProject
Global
	GlobalSection(SolutionConfigurationPlatforms) = preSolution
		Debug|x64 = Debug|x64
		Debug|x86 = Debug|x86
		Release|x64 = Release|x64
		Release|x86 = Release|x86
	EndGlobalSection
	GlobalSection(ProjectConfigurationPlatforms) = postSolution
		{C5251219-A697-41E5-94DC-5551ABCCC706}.Debug|x64.ActiveCfg = Debug|x64
		{C5251219-A697-41E5-94DC-5551ABCCC706}.Debug|x64.Build.0 = Debug|x64
		{C5251219-A697-41E5-94DC-5551ABCCC706}.Debug|x86.ActiveCfg = Debug|Win32
		{C5251219-A697-41E5-94DC-5551ABCCC706}.Debug|x86.Build.0 = Debug|Win32
		{C5251219-A697-41E5-94DC-5551ABCCC706}.Release|x64.ActiveCfg = Release|x64
		{C5251219-A697-41E5-94DC-5551ABCCC706}.Release|x64.Build.0 = Release|x64
		{C5251219-A697-41E5-94DC-5551ABCCC706}.Release|x86.ActiveCfg = Release|Win32
		{C5251219-A697-41E5-94DC-5551ABCCC706}.Release|x86.Build.0 = Release|Win32
	EndGlobalSection
	GlobalSection(SolutionProperties) = preSolution
		HideSolutionNode = FALSE
	EndGlobalSection
	GlobalSection(ExtensibilityGlobals) = postSolution
		SolutionGuid = {66D4A6C6-9314-4E51-A617-6C4ADBC4DB1A}
	EndGlobalSection
EndGlobal
